// !$*UTF8*$!
{
	archiveVersion = 1;
	classes = {
	};
	objectVersion = 46;
	objects = {

/* Begin PBXBuildFile section */
		B80DDF8B17A8AD7B00E7B8B5 /* EventSingleton.m in Sources */ = {isa = PBXBuildFile; fileRef = B80DDF8A17A8AD7B00E7B8B5 /* EventSingleton.m */; };
		B8294CAF17A437F50013B8DB /* UIKit.framework in Frameworks */ = {isa = PBXBuildFile; fileRef = B8294CAE17A437F50013B8DB /* UIKit.framework */; };
		B8294CB117A437F50013B8DB /* Foundation.framework in Frameworks */ = {isa = PBXBuildFile; fileRef = B8294CB017A437F50013B8DB /* Foundation.framework */; };
		B8294CB317A437F50013B8DB /* CoreGraphics.framework in Frameworks */ = {isa = PBXBuildFile; fileRef = B8294CB217A437F50013B8DB /* CoreGraphics.framework */; };
		B8294CB917A437F50013B8DB /* InfoPlist.strings in Resources */ = {isa = PBXBuildFile; fileRef = B8294CB717A437F50013B8DB /* InfoPlist.strings */; };
		B8294CBB17A437F50013B8DB /* main.m in Sources */ = {isa = PBXBuildFile; fileRef = B8294CBA17A437F50013B8DB /* main.m */; };
		B8294CBF17A437F50013B8DB /* AppDelegate.m in Sources */ = {isa = PBXBuildFile; fileRef = B8294CBE17A437F50013B8DB /* AppDelegate.m */; };
		B8294CC117A437F50013B8DB /* Default.png in Resources */ = {isa = PBXBuildFile; fileRef = B8294CC017A437F50013B8DB /* Default.png */; };
		B8294CC317A437F50013B8DB /* Default@2x.png in Resources */ = {isa = PBXBuildFile; fileRef = B8294CC217A437F50013B8DB /* Default@2x.png */; };
		B8294CC517A437F50013B8DB /* Default-568h@2x.png in Resources */ = {isa = PBXBuildFile; fileRef = B8294CC417A437F50013B8DB /* Default-568h@2x.png */; };
		B8294CC817A437F50013B8DB /* ViewController.m in Sources */ = {isa = PBXBuildFile; fileRef = B8294CC717A437F50013B8DB /* ViewController.m */; };
		B8294CCB17A437F50013B8DB /* ViewController_iPhone.xib in Resources */ = {isa = PBXBuildFile; fileRef = B8294CC917A437F50013B8DB /* ViewController_iPhone.xib */; };
		B8294CCE17A437F50013B8DB /* ViewController_iPad.xib in Resources */ = {isa = PBXBuildFile; fileRef = B8294CCC17A437F50013B8DB /* ViewController_iPad.xib */; };
		B86718CB17A9ABED007BC408 /* AddEventView.m in Sources */ = {isa = PBXBuildFile; fileRef = B86718C917A9ABED007BC408 /* AddEventView.m */; };
		B86718CC17A9ABED007BC408 /* AddEventView.xib in Resources */ = {isa = PBXBuildFile; fileRef = B86718CA17A9ABED007BC408 /* AddEventView.xib */; };
/* End PBXBuildFile section */

/* Begin PBXFileReference section */
		B80DDF8917A8AD7B00E7B8B5 /* EventSingleton.h */ = {isa = PBXFileReference; fileEncoding = 4; lastKnownFileType = sourcecode.c.h; path = EventSingleton.h; sourceTree = "<group>"; };
		B80DDF8A17A8AD7B00E7B8B5 /* EventSingleton.m */ = {isa = PBXFileReference; fileEncoding = 4; lastKnownFileType = sourcecode.c.objc; path = EventSingleton.m; sourceTree = "<group>"; };
		B8294CAB17A437F50013B8DB /* AOC2Project4.app */ = {isa = PBXFileReference; explicitFileType = wrapper.application; includeInIndex = 0; path = AOC2Project4.app; sourceTree = BUILT_PRODUCTS_DIR; };
		B8294CAE17A437F50013B8DB /* UIKit.framework */ = {isa = PBXFileReference; lastKnownFileType = wrapper.framework; name = UIKit.framework; path = System/Library/Frameworks/UIKit.framework; sourceTree = SDKROOT; };
		B8294CB017A437F50013B8DB /* Foundation.framework */ = {isa = PBXFileReference; lastKnownFileType = wrapper.framework; name = Foundation.framework; path = System/Library/Frameworks/Foundation.framework; sourceTree = SDKROOT; };
		B8294CB217A437F50013B8DB /* CoreGraphics.framework */ = {isa = PBXFileReference; lastKnownFileType = wrapper.framework; name = CoreGraphics.framework; path = System/Library/Frameworks/CoreGraphics.framework; sourceTree = SDKROOT; };
		B8294CB617A437F50013B8DB /* AOC2Project4-Info.plist */ = {isa = PBXFileReference; lastKnownFileType = text.plist.xml; path = "AOC2Project4-Info.plist"; sourceTree = "<group>"; };
		B8294CB817A437F50013B8DB /* en */ = {isa = PBXFileReference; lastKnownFileType = text.plist.strings; name = en; path = en.lproj/InfoPlist.strings; sourceTree = "<group>"; };
		B8294CBA17A437F50013B8DB /* main.m */ = {isa = PBXFileReference; lastKnownFileType = sourcecode.c.objc; path = main.m; sourceTree = "<group>"; };
		B8294CBC17A437F50013B8DB /* AOC2Project4-Prefix.pch */ = {isa = PBXFileReference; lastKnownFileType = sourcecode.c.h; path = "AOC2Project4-Prefix.pch"; sourceTree = "<group>"; };
		B8294CBD17A437F50013B8DB /* AppDelegate.h */ = {isa = PBXFileReference; lastKnownFileType = sourcecode.c.h; path = AppDelegate.h; sourceTree = "<group>"; };
		B8294CBE17A437F50013B8DB /* AppDelegate.m */ = {isa = PBXFileReference; lastKnownFileType = sourcecode.c.objc; path = AppDelegate.m; sourceTree = "<group>"; };
		B8294CC017A437F50013B8DB /* Default.png */ = {isa = PBXFileReference; lastKnownFileType = image.png; path = Default.png; sourceTree = "<group>"; };
		B8294CC217A437F50013B8DB /* Default@2x.png */ = {isa = PBXFileReference; lastKnownFileType = image.png; path = "Default@2x.png"; sourceTree = "<group>"; };
		B8294CC417A437F50013B8DB /* Default-568h@2x.png */ = {isa = PBXFileReference; lastKnownFileType = image.png; path = "Default-568h@2x.png"; sourceTree = "<group>"; };
		B8294CC617A437F50013B8DB /* ViewController.h */ = {isa = PBXFileReference; lastKnownFileType = sourcecode.c.h; path = ViewController.h; sourceTree = "<group>"; };
		B8294CC717A437F50013B8DB /* ViewController.m */ = {isa = PBXFileReference; lastKnownFileType = sourcecode.c.objc; path = ViewController.m; sourceTree = "<group>"; };
		B8294CCA17A437F50013B8DB /* en */ = {isa = PBXFileReference; lastKnownFileType = file.xib; name = en; path = en.lproj/ViewController_iPhone.xib; sourceTree = "<group>"; };
		B8294CCD17A437F50013B8DB /* en */ = {isa = PBXFileReference; lastKnownFileType = file.xib; name = en; path = en.lproj/ViewController_iPad.xib; sourceTree = "<group>"; };
		B86718C817A9ABED007BC408 /* AddEventView.h */ = {isa = PBXFileReference; fileEncoding = 4; lastKnownFileType = sourcecode.c.h; path = AddEventView.h; sourceTree = "<group>"; };
		B86718C917A9ABED007BC408 /* AddEventView.m */ = {isa = PBXFileReference; fileEncoding = 4; lastKnownFileType = sourcecode.c.objc; path = AddEventView.m; sourceTree = "<group>"; };
		B86718CA17A9ABED007BC408 /* AddEventView.xib */ = {isa = PBXFileReference; fileEncoding = 4; lastKnownFileType = file.xib; path = AddEventView.xib; sourceTree = "<group>"; };
/* End PBXFileReference section */

/* Begin PBXFrameworksBuildPhase section */
		B8294CA817A437F50013B8DB /* Frameworks */ = {
			isa = PBXFrameworksBuildPhase;
			buildActionMask = 2147483647;
			files = (
				B8294CAF17A437F50013B8DB /* UIKit.framework in Frameworks */,
				B8294CB117A437F50013B8DB /* Foundation.framework in Frameworks */,
				B8294CB317A437F50013B8DB /* CoreGraphics.framework in Frameworks */,
			);
			runOnlyForDeploymentPostprocessing = 0;
		};
/* End PBXFrameworksBuildPhase section */

/* Begin PBXGroup section */
		B8294CA217A437F50013B8DB = {
			isa = PBXGroup;
			children = (
				B8294CB417A437F50013B8DB /* AOC2Project4 */,
				B8294CAD17A437F50013B8DB /* Frameworks */,
				B8294CAC17A437F50013B8DB /* Products */,
			);
			sourceTree = "<group>";
		};
		B8294CAC17A437F50013B8DB /* Products */ = {
			isa = PBXGroup;
			children = (
				B8294CAB17A437F50013B8DB /* AOC2Project4.app */,
			);
			name = Products;
			sourceTree = "<group>";
		};
		B8294CAD17A437F50013B8DB /* Frameworks */ = {
			isa = PBXGroup;
			children = (
				B8294CAE17A437F50013B8DB /* UIKit.framework */,
				B8294CB017A437F50013B8DB /* Foundation.framework */,
				B8294CB217A437F50013B8DB /* CoreGraphics.framework */,
			);
			name = Frameworks;
			sourceTree = "<group>";
		};
		B8294CB417A437F50013B8DB /* AOC2Project4 */ = {
			isa = PBXGroup;
			children = (
				B8294CBD17A437F50013B8DB /* AppDelegate.h */,
				B8294CBE17A437F50013B8DB /* AppDelegate.m */,
				B8294CC617A437F50013B8DB /* ViewController.h */,
				B8294CC717A437F50013B8DB /* ViewController.m */,
				B8294CC917A437F50013B8DB /* ViewController_iPhone.xib */,
				B8294CCC17A437F50013B8DB /* ViewController_iPad.xib */,
				B8294CB517A437F50013B8DB /* Supporting Files */,
				B80DDF8917A8AD7B00E7B8B5 /* EventSingleton.h */,
				B80DDF8A17A8AD7B00E7B8B5 /* EventSingleton.m */,
				B86718C817A9ABED007BC408 /* AddEventView.h */,
				B86718C917A9ABED007BC408 /* AddEventView.m */,
				B86718CA17A9ABED007BC408 /* AddEventView.xib */,
			);
			path = AOC2Project4;
			sourceTree = "<group>";
		};
		B8294CB517A437F50013B8DB /* Supporting Files */ = {
			isa = PBXGroup;
			children = (
				B8294CB617A437F50013B8DB /* AOC2Project4-Info.plist */,
				B8294CB717A437F50013B8DB /* InfoPlist.strings */,
				B8294CBA17A437F50013B8DB /* main.m */,
				B8294CBC17A437F50013B8DB /* AOC2Project4-Prefix.pch */,
				B8294CC017A437F50013B8DB /* Default.png */,
				B8294CC217A437F50013B8DB /* Default@2x.png */,
				B8294CC417A437F50013B8DB /* Default-568h@2x.png */,
			);
			name = "Supporting Files";
			sourceTree = "<group>";
		};
/* End PBXGroup section */

/* Begin PBXNativeTarget section */
		B8294CAA17A437F50013B8DB /* AOC2Project4 */ = {
			isa = PBXNativeTarget;
			buildConfigurationList = B8294CD117A437F50013B8DB /* Build configuration list for PBXNativeTarget "AOC2Project4" */;
			buildPhases = (
				B8294CA717A437F50013B8DB /* Sources */,
				B8294CA817A437F50013B8DB /* Frameworks */,
				B8294CA917A437F50013B8DB /* Resources */,
			);
			buildRules = (
			);
			dependencies = (
			);
			name = AOC2Project4;
			productName = AOC2Project4;
			productReference = B8294CAB17A437F50013B8DB /* AOC2Project4.app */;
			productType = "com.apple.product-type.application";
		};
/* End PBXNativeTarget section */

/* Begin PBXProject section */
		B8294CA317A437F50013B8DB /* Project object */ = {
			isa = PBXProject;
			attributes = {
				LastUpgradeCheck = 0460;
				ORGANIZATIONNAME = "Elijah Freestone";
			};
			buildConfigurationList = B8294CA617A437F50013B8DB /* Build configuration list for PBXProject "AOC2Project4" */;
			compatibilityVersion = "Xcode 3.2";
			developmentRegion = English;
			hasScannedForEncodings = 0;
			knownRegions = (
				en,
			);
			mainGroup = B8294CA217A437F50013B8DB;
			productRefGroup = B8294CAC17A437F50013B8DB /* Products */;
			projectDirPath = "";
			projectRoot = "";
			targets = (
				B8294CAA17A437F50013B8DB /* AOC2Project4 */,
			);
		};
/* End PBXProject section */

/* Begin PBXResourcesBuildPhase section */
		B8294CA917A437F50013B8DB /* Resources */ = {
			isa = PBXResourcesBuildPhase;
			buildActionMask = 2147483647;
			files = (
				B8294CB917A437F50013B8DB /* InfoPlist.strings in Resources */,
				B8294CC117A437F50013B8DB /* Default.png in Resources */,
				B8294CC317A437F50013B8DB /* Default@2x.png in Resources */,
				B8294CC517A437F50013B8DB /* Default-568h@2x.png in Resources */,
				B8294CCB17A437F50013B8DB /* ViewController_iPhone.xib in Resources */,
				B8294CCE17A437F50013B8DB /* ViewController_iPad.xib in Resources */,
				B86718CC17A9ABED007BC408 /* AddEventView.xib in Resources */,
			);
			runOnlyForDeploymentPostprocessing = 0;
		};
/* End PBXResourcesBuildPhase section */

/* Begin PBXSourcesBuildPhase section */
		B8294CA717A437F50013B8DB /* Sources */ = {
			isa = PBXSourcesBuildPhase;
			buildActionMask = 2147483647;
			files = (
				B8294CBB17A437F50013B8DB /* main.m in Sources */,
				B8294CBF17A437F50013B8DB /* AppDelegate.m in Sources */,
				B8294CC817A437F50013B8DB /* ViewController.m in Sources */,
				B80DDF8B17A8AD7B00E7B8B5 /* EventSingleton.m in Sources */,
				B86718CB17A9ABED007BC408 /* AddEventView.m in Sources */,
			);
			runOnlyForDeploymentPostprocessing = 0;
		};
/* End PBXSourcesBuildPhase section */

/* Begin PBXVariantGroup section */
		B8294CB717A437F50013B8DB /* InfoPlist.strings */ = {
			isa = PBXVariantGroup;
			children = (
				B8294CB817A437F50013B8DB /* en */,
			);
			name = InfoPlist.strings;
			sourceTree = "<group>";
		};
		B8294CC917A437F50013B8DB /* ViewController_iPhone.xib */ = {
			isa = PBXVariantGroup;
			children = (
				B8294CCA17A437F50013B8DB /* en */,
			);
			name = ViewController_iPhone.xib;
			sourceTree = "<group>";
		};
		B8294CCC17A437F50013B8DB /* ViewController_iPad.xib */ = {
			isa = PBXVariantGroup;
			children = (
				B8294CCD17A437F50013B8DB /* en */,
			);
			name = ViewController_iPad.xib;
			sourceTree = "<group>";
		};
/* End PBXVariantGroup section */

/* Begin XCBuildConfiguration section */
		B8294CCF17A437F50013B8DB /* Debug */ = {
			isa = XCBuildConfiguration;
			buildSettings = {
				ALWAYS_SEARCH_USER_PATHS = NO;
				CLANG_CXX_LANGUAGE_STANDARD = "gnu++0x";
				CLANG_CXX_LIBRARY = "libc++";
				CLANG_WARN_CONSTANT_CONVERSION = YES;
				CLANG_WARN_EMPTY_BODY = YES;
				CLANG_WARN_ENUM_CONVERSION = YES;
				CLANG_WARN_INT_CONVERSION = YES;
				CLANG_WARN__DUPLICATE_METHOD_MATCH = YES;
				"CODE_SIGN_IDENTITY[sdk=iphoneos*]" = "iPhone Developer";
				COPY_PHASE_STRIP = NO;
				GCC_C_LANGUAGE_STANDARD = gnu99;
				GCC_DYNAMIC_NO_PIC = NO;
				GCC_OPTIMIZATION_LEVEL = 0;
				GCC_PREPROCESSOR_DEFINITIONS = (
					"DEBUG=1",
					"$(inherited)",
				);
				GCC_SYMBOLS_PRIVATE_EXTERN = NO;
				GCC_WARN_ABOUT_RETURN_TYPE = YES;
				GCC_WARN_UNINITIALIZED_AUTOS = YES;
				GCC_WARN_UNUSED_VARIABLE = YES;
				IPHONEOS_DEPLOYMENT_TARGET = 6.1;
				ONLY_ACTIVE_ARCH = YES;
				SDKROOT = iphoneos;
				TARGETED_DEVICE_FAMILY = "1,2";
			};
			name = Debug;
		};
		B8294CD017A437F50013B8DB /* Release */ = {
			isa = XCBuildConfiguration;
			buildSettings = {
				ALWAYS_SEARCH_USER_PATHS = NO;
				CLANG_CXX_LANGUAGE_STANDARD = "gnu++0x";
				CLANG_CXX_LIBRARY = "libc++";
				CLANG_WARN_CONSTANT_CONVERSION = YES;
				CLANG_WARN_EMPTY_BODY = YES;
				CLANG_WARN_ENUM_CONVERSION = YES;
				CLANG_WARN_INT_CONVERSION = YES;
				CLANG_WARN__DUPLICATE_METHOD_MATCH = YES;
				"CODE_SIGN_IDENTITY[sdk=iphoneos*]" = "iPhone Developer";
				COPY_PHASE_STRIP = YES;
				GCC_C_LANGUAGE_STANDARD = gnu99;
				GCC_WARN_ABOUT_RETURN_TYPE = YES;
				GCC_WARN_UNINITIALIZED_AUTOS = YES;
				GCC_WARN_UNUSED_VARIABLE = YES;
				IPHONEOS_DEPLOYMENT_TARGET = 6.1;
				OTHER_CFLAGS = "-DNS_BLOCK_ASSERTIONS=1";
				SDKROOT = iphoneos;
				TARGETED_DEVICE_FAMILY = "1,2";
				VALIDATE_PRODUCT = YES;
			};
			name = Release;
		};
		B8294CD217A437F50013B8DB /* Debug */ = {
			isa = XCBuildConfiguration;
			buildSettings = {
				GCC_PRECOMPILE_PREFIX_HEADER = YES;
				GCC_PREFIX_HEADER = "AOC2Project4/AOC2Project4-Prefix.pch";
				INFOPLIST_FILE = "AOC2Project4/AOC2Project4-Info.plist";
				PRODUCT_NAME = "$(TARGET_NAME)";
				WRAPPER_EXTENSION = app;
			};
			name = Debug;
		};
		B8294CD317A437F50013B8DB /* Release */ = {
			isa = XCBuildConfiguration;
			buildSettings = {
				GCC_PRECOMPILE_PREFIX_HEADER = YES;
				GCC_PREFIX_HEADER = "AOC2Project4/AOC2Project4-Prefix.pch";
				INFOPLIST_FILE = "AOC2Project4/AOC2Project4-Info.plist";
				PRODUCT_NAME = "$(TARGET_NAME)";
				WRAPPER_EXTENSION = app;
			};
			name = Release;
		};
/* End XCBuildConfiguration section */

/* Begin XCConfigurationList section */
		B8294CA617A437F50013B8DB /* Build configuration list for PBXProject "AOC2Project4" */ = {
			isa = XCConfigurationList;
			buildConfigurations = (
				B8294CCF17A437F50013B8DB /* Debug */,
				B8294CD017A437F50013B8DB /* Release */,
			);
			defaultConfigurationIsVisible = 0;
			defaultConfigurationName = Release;
		};
		B8294CD117A437F50013B8DB /* Build configuration list for PBXNativeTarget "AOC2Project4" */ = {
			isa = XCConfigurationList;
			buildConfigurations = (
				B8294CD217A437F50013B8DB /* Debug */,
				B8294CD317A437F50013B8DB /* Release */,
			);
			defaultConfigurationIsVisible = 0;
			defaultConfigurationName = Release;
		};
/* End XCConfigurationList section */
	};
	rootObject = B8294CA317A437F50013B8DB /* Project object */;
}
