// !$*UTF8*$!
{
	archiveVersion = 1;
	classes = {
	};
	objectVersion = 46;
	objects = {

/* Begin PBXBuildFile section */
		B8D303DD17977233001CE404 /* UIKit.framework in Frameworks */ = {isa = PBXBuildFile; fileRef = B8D303DC17977233001CE404 /* UIKit.framework */; };
		B8D303DF17977233001CE404 /* Foundation.framework in Frameworks */ = {isa = PBXBuildFile; fileRef = B8D303DE17977233001CE404 /* Foundation.framework */; };
		B8D303E117977233001CE404 /* CoreGraphics.framework in Frameworks */ = {isa = PBXBuildFile; fileRef = B8D303E017977233001CE404 /* CoreGraphics.framework */; };
		B8D303E717977233001CE404 /* InfoPlist.strings in Resources */ = {isa = PBXBuildFile; fileRef = B8D303E517977233001CE404 /* InfoPlist.strings */; };
		B8D303E917977233001CE404 /* main.m in Sources */ = {isa = PBXBuildFile; fileRef = B8D303E817977233001CE404 /* main.m */; };
		B8D303ED17977233001CE404 /* AppDelegate.m in Sources */ = {isa = PBXBuildFile; fileRef = B8D303EC17977233001CE404 /* AppDelegate.m */; };
		B8D303EF17977233001CE404 /* Default.png in Resources */ = {isa = PBXBuildFile; fileRef = B8D303EE17977233001CE404 /* Default.png */; };
		B8D303F117977233001CE404 /* Default@2x.png in Resources */ = {isa = PBXBuildFile; fileRef = B8D303F017977233001CE404 /* Default@2x.png */; };
		B8D303F317977233001CE404 /* Default-568h@2x.png in Resources */ = {isa = PBXBuildFile; fileRef = B8D303F217977233001CE404 /* Default-568h@2x.png */; };
		B8D303F617977233001CE404 /* ViewController.m in Sources */ = {isa = PBXBuildFile; fileRef = B8D303F517977233001CE404 /* ViewController.m */; };
		B8D303F917977233001CE404 /* ViewController.xib in Resources */ = {isa = PBXBuildFile; fileRef = B8D303F717977233001CE404 /* ViewController.xib */; };
		B8D303FC17977233001CE404 /* ViewController_iPad.xib in Resources */ = {isa = PBXBuildFile; fileRef = B8D303FA17977233001CE404 /* ViewController_iPad.xib */; };
		B8D30404179772E6001CE404 /* GuitarFactory.m in Sources */ = {isa = PBXBuildFile; fileRef = B8D30403179772E6001CE404 /* GuitarFactory.m */; };
		B8D304071797731F001CE404 /* BaseGuitar.m in Sources */ = {isa = PBXBuildFile; fileRef = B8D304061797731F001CE404 /* BaseGuitar.m */; };
		B8D3040A17977358001CE404 /* BCRichGuitar.m in Sources */ = {isa = PBXBuildFile; fileRef = B8D3040917977358001CE404 /* BCRichGuitar.m */; };
		B8D3040D1797738F001CE404 /* ESPGuitar.m in Sources */ = {isa = PBXBuildFile; fileRef = B8D3040C1797738F001CE404 /* ESPGuitar.m */; };
		B8D30410179773D0001CE404 /* SchecterGuitar.m in Sources */ = {isa = PBXBuildFile; fileRef = B8D3040F179773CF001CE404 /* SchecterGuitar.m */; };
		B8E482F817978B3F00E12FA8 /* SecondView.xib in Resources */ = {isa = PBXBuildFile; fileRef = B8E482F717978B3F00E12FA8 /* SecondView.xib */; };
		B8E482FB17978DB300E12FA8 /* SecondViewController.m in Sources */ = {isa = PBXBuildFile; fileRef = B8E482FA17978DB300E12FA8 /* SecondViewController.m */; };
/* End PBXBuildFile section */

/* Begin PBXFileReference section */
		B8D303D917977233001CE404 /* AOC2Project2.app */ = {isa = PBXFileReference; explicitFileType = wrapper.application; includeInIndex = 0; path = AOC2Project2.app; sourceTree = BUILT_PRODUCTS_DIR; };
		B8D303DC17977233001CE404 /* UIKit.framework */ = {isa = PBXFileReference; lastKnownFileType = wrapper.framework; name = UIKit.framework; path = System/Library/Frameworks/UIKit.framework; sourceTree = SDKROOT; };
		B8D303DE17977233001CE404 /* Foundation.framework */ = {isa = PBXFileReference; lastKnownFileType = wrapper.framework; name = Foundation.framework; path = System/Library/Frameworks/Foundation.framework; sourceTree = SDKROOT; };
		B8D303E017977233001CE404 /* CoreGraphics.framework */ = {isa = PBXFileReference; lastKnownFileType = wrapper.framework; name = CoreGraphics.framework; path = System/Library/Frameworks/CoreGraphics.framework; sourceTree = SDKROOT; };
		B8D303E417977233001CE404 /* AOC2Project2-Info.plist */ = {isa = PBXFileReference; lastKnownFileType = text.plist.xml; path = "AOC2Project2-Info.plist"; sourceTree = "<group>"; };
		B8D303E617977233001CE404 /* en */ = {isa = PBXFileReference; lastKnownFileType = text.plist.strings; name = en; path = en.lproj/InfoPlist.strings; sourceTree = "<group>"; };
		B8D303E817977233001CE404 /* main.m */ = {isa = PBXFileReference; lastKnownFileType = sourcecode.c.objc; path = main.m; sourceTree = "<group>"; };
		B8D303EA17977233001CE404 /* AOC2Project2-Prefix.pch */ = {isa = PBXFileReference; lastKnownFileType = sourcecode.c.h; path = "AOC2Project2-Prefix.pch"; sourceTree = "<group>"; };
		B8D303EB17977233001CE404 /* AppDelegate.h */ = {isa = PBXFileReference; lastKnownFileType = sourcecode.c.h; path = AppDelegate.h; sourceTree = "<group>"; };
		B8D303EC17977233001CE404 /* AppDelegate.m */ = {isa = PBXFileReference; lastKnownFileType = sourcecode.c.objc; path = AppDelegate.m; sourceTree = "<group>"; };
		B8D303EE17977233001CE404 /* Default.png */ = {isa = PBXFileReference; lastKnownFileType = image.png; path = Default.png; sourceTree = "<group>"; };
		B8D303F017977233001CE404 /* Default@2x.png */ = {isa = PBXFileReference; lastKnownFileType = image.png; path = "Default@2x.png"; sourceTree = "<group>"; };
		B8D303F217977233001CE404 /* Default-568h@2x.png */ = {isa = PBXFileReference; lastKnownFileType = image.png; path = "Default-568h@2x.png"; sourceTree = "<group>"; };
		B8D303F417977233001CE404 /* ViewController.h */ = {isa = PBXFileReference; lastKnownFileType = sourcecode.c.h; path = ViewController.h; sourceTree = "<group>"; };
		B8D303F517977233001CE404 /* ViewController.m */ = {isa = PBXFileReference; lastKnownFileType = sourcecode.c.objc; path = ViewController.m; sourceTree = "<group>"; };
		B8D303F817977233001CE404 /* en */ = {isa = PBXFileReference; lastKnownFileType = file.xib; name = en; path = en.lproj/ViewController.xib; sourceTree = "<group>"; };
		B8D303FB17977233001CE404 /* en */ = {isa = PBXFileReference; lastKnownFileType = file.xib; name = en; path = en.lproj/ViewController_iPad.xib; sourceTree = "<group>"; };
		B8D30402179772E6001CE404 /* GuitarFactory.h */ = {isa = PBXFileReference; fileEncoding = 4; lastKnownFileType = sourcecode.c.h; path = GuitarFactory.h; sourceTree = "<group>"; };
		B8D30403179772E6001CE404 /* GuitarFactory.m */ = {isa = PBXFileReference; fileEncoding = 4; lastKnownFileType = sourcecode.c.objc; path = GuitarFactory.m; sourceTree = "<group>"; };
		B8D304051797731F001CE404 /* BaseGuitar.h */ = {isa = PBXFileReference; fileEncoding = 4; lastKnownFileType = sourcecode.c.h; path = BaseGuitar.h; sourceTree = "<group>"; };
		B8D304061797731F001CE404 /* BaseGuitar.m */ = {isa = PBXFileReference; fileEncoding = 4; lastKnownFileType = sourcecode.c.objc; path = BaseGuitar.m; sourceTree = "<group>"; };
		B8D3040817977358001CE404 /* BCRichGuitar.h */ = {isa = PBXFileReference; fileEncoding = 4; lastKnownFileType = sourcecode.c.h; path = BCRichGuitar.h; sourceTree = "<group>"; };
		B8D3040917977358001CE404 /* BCRichGuitar.m */ = {isa = PBXFileReference; fileEncoding = 4; lastKnownFileType = sourcecode.c.objc; path = BCRichGuitar.m; sourceTree = "<group>"; };
		B8D3040B1797738F001CE404 /* ESPGuitar.h */ = {isa = PBXFileReference; fileEncoding = 4; lastKnownFileType = sourcecode.c.h; path = ESPGuitar.h; sourceTree = "<group>"; };
		B8D3040C1797738F001CE404 /* ESPGuitar.m */ = {isa = PBXFileReference; fileEncoding = 4; lastKnownFileType = sourcecode.c.objc; path = ESPGuitar.m; sourceTree = "<group>"; };
		B8D3040E179773CF001CE404 /* SchecterGuitar.h */ = {isa = PBXFileReference; fileEncoding = 4; lastKnownFileType = sourcecode.c.h; path = SchecterGuitar.h; sourceTree = "<group>"; };
		B8D3040F179773CF001CE404 /* SchecterGuitar.m */ = {isa = PBXFileReference; fileEncoding = 4; lastKnownFileType = sourcecode.c.objc; path = SchecterGuitar.m; sourceTree = "<group>"; };
		B8E482F717978B3F00E12FA8 /* SecondView.xib */ = {isa = PBXFileReference; fileEncoding = 4; lastKnownFileType = file.xib; path = SecondView.xib; sourceTree = "<group>"; };
		B8E482F917978DB300E12FA8 /* SecondViewController.h */ = {isa = PBXFileReference; fileEncoding = 4; lastKnownFileType = sourcecode.c.h; path = SecondViewController.h; sourceTree = "<group>"; };
		B8E482FA17978DB300E12FA8 /* SecondViewController.m */ = {isa = PBXFileReference; fileEncoding = 4; lastKnownFileType = sourcecode.c.objc; path = SecondViewController.m; sourceTree = "<group>"; };
/* End PBXFileReference section */

/* Begin PBXFrameworksBuildPhase section */
		B8D303D617977233001CE404 /* Frameworks */ = {
			isa = PBXFrameworksBuildPhase;
			buildActionMask = 2147483647;
			files = (
				B8D303DD17977233001CE404 /* UIKit.framework in Frameworks */,
				B8D303DF17977233001CE404 /* Foundation.framework in Frameworks */,
				B8D303E117977233001CE404 /* CoreGraphics.framework in Frameworks */,
			);
			runOnlyForDeploymentPostprocessing = 0;
		};
/* End PBXFrameworksBuildPhase section */

/* Begin PBXGroup section */
		B8D303D017977233001CE404 = {
			isa = PBXGroup;
			children = (
				B8D303E217977233001CE404 /* AOC2Project2 */,
				B8D303DB17977233001CE404 /* Frameworks */,
				B8D303DA17977233001CE404 /* Products */,
			);
			sourceTree = "<group>";
		};
		B8D303DA17977233001CE404 /* Products */ = {
			isa = PBXGroup;
			children = (
				B8D303D917977233001CE404 /* AOC2Project2.app */,
			);
			name = Products;
			sourceTree = "<group>";
		};
		B8D303DB17977233001CE404 /* Frameworks */ = {
			isa = PBXGroup;
			children = (
				B8D303DC17977233001CE404 /* UIKit.framework */,
				B8D303DE17977233001CE404 /* Foundation.framework */,
				B8D303E017977233001CE404 /* CoreGraphics.framework */,
			);
			name = Frameworks;
			sourceTree = "<group>";
		};
		B8D303E217977233001CE404 /* AOC2Project2 */ = {
			isa = PBXGroup;
			children = (
				B8D303EB17977233001CE404 /* AppDelegate.h */,
				B8D303EC17977233001CE404 /* AppDelegate.m */,
				B8D303F417977233001CE404 /* ViewController.h */,
				B8D303F517977233001CE404 /* ViewController.m */,
				B8D303F717977233001CE404 /* ViewController.xib */,
				B8D303FA17977233001CE404 /* ViewController_iPad.xib */,
				B8D303E317977233001CE404 /* Supporting Files */,
				B8D30402179772E6001CE404 /* GuitarFactory.h */,
				B8D30403179772E6001CE404 /* GuitarFactory.m */,
				B8D304051797731F001CE404 /* BaseGuitar.h */,
				B8D304061797731F001CE404 /* BaseGuitar.m */,
				B8D3040817977358001CE404 /* BCRichGuitar.h */,
				B8D3040917977358001CE404 /* BCRichGuitar.m */,
				B8D3040B1797738F001CE404 /* ESPGuitar.h */,
				B8D3040C1797738F001CE404 /* ESPGuitar.m */,
				B8D3040E179773CF001CE404 /* SchecterGuitar.h */,
				B8D3040F179773CF001CE404 /* SchecterGuitar.m */,
				B8E482F717978B3F00E12FA8 /* SecondView.xib */,
				B8E482F917978DB300E12FA8 /* SecondViewController.h */,
				B8E482FA17978DB300E12FA8 /* SecondViewController.m */,
			);
			path = AOC2Project2;
			sourceTree = "<group>";
		};
		B8D303E317977233001CE404 /* Supporting Files */ = {
			isa = PBXGroup;
			children = (
				B8D303E417977233001CE404 /* AOC2Project2-Info.plist */,
				B8D303E517977233001CE404 /* InfoPlist.strings */,
				B8D303E817977233001CE404 /* main.m */,
				B8D303EA17977233001CE404 /* AOC2Project2-Prefix.pch */,
				B8D303EE17977233001CE404 /* Default.png */,
				B8D303F017977233001CE404 /* Default@2x.png */,
				B8D303F217977233001CE404 /* Default-568h@2x.png */,
			);
			name = "Supporting Files";
			sourceTree = "<group>";
		};
/* End PBXGroup section */

/* Begin PBXNativeTarget section */
		B8D303D817977233001CE404 /* AOC2Project2 */ = {
			isa = PBXNativeTarget;
			buildConfigurationList = B8D303FF17977233001CE404 /* Build configuration list for PBXNativeTarget "AOC2Project2" */;
			buildPhases = (
				B8D303D517977233001CE404 /* Sources */,
				B8D303D617977233001CE404 /* Frameworks */,
				B8D303D717977233001CE404 /* Resources */,
			);
			buildRules = (
			);
			dependencies = (
			);
			name = AOC2Project2;
			productName = AOC2Project2;
			productReference = B8D303D917977233001CE404 /* AOC2Project2.app */;
			productType = "com.apple.product-type.application";
		};
/* End PBXNativeTarget section */

/* Begin PBXProject section */
		B8D303D117977233001CE404 /* Project object */ = {
			isa = PBXProject;
			attributes = {
				LastUpgradeCheck = 0460;
				ORGANIZATIONNAME = "Elijah Freestone";
			};
			buildConfigurationList = B8D303D417977233001CE404 /* Build configuration list for PBXProject "AOC2Project2" */;
			compatibilityVersion = "Xcode 3.2";
			developmentRegion = English;
			hasScannedForEncodings = 0;
			knownRegions = (
				en,
			);
			mainGroup = B8D303D017977233001CE404;
			productRefGroup = B8D303DA17977233001CE404 /* Products */;
			projectDirPath = "";
			projectRoot = "";
			targets = (
				B8D303D817977233001CE404 /* AOC2Project2 */,
			);
		};
/* End PBXProject section */

/* Begin PBXResourcesBuildPhase section */
		B8D303D717977233001CE404 /* Resources */ = {
			isa = PBXResourcesBuildPhase;
			buildActionMask = 2147483647;
			files = (
				B8D303E717977233001CE404 /* InfoPlist.strings in Resources */,
				B8D303EF17977233001CE404 /* Default.png in Resources */,
				B8D303F117977233001CE404 /* Default@2x.png in Resources */,
				B8D303F317977233001CE404 /* Default-568h@2x.png in Resources */,
				B8D303F917977233001CE404 /* ViewController.xib in Resources */,
				B8D303FC17977233001CE404 /* ViewController_iPad.xib in Resources */,
				B8E482F817978B3F00E12FA8 /* SecondView.xib in Resources */,
			);
			runOnlyForDeploymentPostprocessing = 0;
		};
/* End PBXResourcesBuildPhase section */

/* Begin PBXSourcesBuildPhase section */
		B8D303D517977233001CE404 /* Sources */ = {
			isa = PBXSourcesBuildPhase;
			buildActionMask = 2147483647;
			files = (
				B8D303E917977233001CE404 /* main.m in Sources */,
				B8D303ED17977233001CE404 /* AppDelegate.m in Sources */,
				B8D303F617977233001CE404 /* ViewController.m in Sources */,
				B8D30404179772E6001CE404 /* GuitarFactory.m in Sources */,
				B8D304071797731F001CE404 /* BaseGuitar.m in Sources */,
				B8D3040A17977358001CE404 /* BCRichGuitar.m in Sources */,
				B8D3040D1797738F001CE404 /* ESPGuitar.m in Sources */,
				B8D30410179773D0001CE404 /* SchecterGuitar.m in Sources */,
				B8E482FB17978DB300E12FA8 /* SecondViewController.m in Sources */,
			);
			runOnlyForDeploymentPostprocessing = 0;
		};
/* End PBXSourcesBuildPhase section */

/* Begin PBXVariantGroup section */
		B8D303E517977233001CE404 /* InfoPlist.strings */ = {
			isa = PBXVariantGroup;
			children = (
				B8D303E617977233001CE404 /* en */,
			);
			name = InfoPlist.strings;
			sourceTree = "<group>";
		};
		B8D303F717977233001CE404 /* ViewController.xib */ = {
			isa = PBXVariantGroup;
			children = (
				B8D303F817977233001CE404 /* en */,
			);
			name = ViewController.xib;
			sourceTree = "<group>";
		};
		B8D303FA17977233001CE404 /* ViewController_iPad.xib */ = {
			isa = PBXVariantGroup;
			children = (
				B8D303FB17977233001CE404 /* en */,
			);
			name = ViewController_iPad.xib;
			sourceTree = "<group>";
		};
/* End PBXVariantGroup section */

/* Begin XCBuildConfiguration section */
		B8D303FD17977233001CE404 /* Debug */ = {
			isa = XCBuildConfiguration;
			buildSettings = {
				ALWAYS_SEARCH_USER_PATHS = NO;
				CLANG_CXX_LANGUAGE_STANDARD = "gnu++0x";
				CLANG_CXX_LIBRARY = "libc++";
				CLANG_WARN_CONSTANT_CONVERSION = YES;
				CLANG_WARN_EMPTY_BODY = YES;
				CLANG_WARN_ENUM_CONVERSION = YES;
				CLANG_WARN_INT_CONVERSION = YES;
				CLANG_WARN__DUPLICATE_METHOD_MATCH = YES;
				"CODE_SIGN_IDENTITY[sdk=iphoneos*]" = "iPhone Developer";
				COPY_PHASE_STRIP = NO;
				GCC_C_LANGUAGE_STANDARD = gnu99;
				GCC_DYNAMIC_NO_PIC = NO;
				GCC_OPTIMIZATION_LEVEL = 0;
				GCC_PREPROCESSOR_DEFINITIONS = (
					"DEBUG=1",
					"$(inherited)",
				);
				GCC_SYMBOLS_PRIVATE_EXTERN = NO;
				GCC_WARN_ABOUT_RETURN_TYPE = YES;
				GCC_WARN_UNINITIALIZED_AUTOS = YES;
				GCC_WARN_UNUSED_VARIABLE = YES;
				IPHONEOS_DEPLOYMENT_TARGET = 6.1;
				ONLY_ACTIVE_ARCH = YES;
				SDKROOT = iphoneos;
				TARGETED_DEVICE_FAMILY = "1,2";
			};
			name = Debug;
		};
		B8D303FE17977233001CE404 /* Release */ = {
			isa = XCBuildConfiguration;
			buildSettings = {
				ALWAYS_SEARCH_USER_PATHS = NO;
				CLANG_CXX_LANGUAGE_STANDARD = "gnu++0x";
				CLANG_CXX_LIBRARY = "libc++";
				CLANG_WARN_CONSTANT_CONVERSION = YES;
				CLANG_WARN_EMPTY_BODY = YES;
				CLANG_WARN_ENUM_CONVERSION = YES;
				CLANG_WARN_INT_CONVERSION = YES;
				CLANG_WARN__DUPLICATE_METHOD_MATCH = YES;
				"CODE_SIGN_IDENTITY[sdk=iphoneos*]" = "iPhone Developer";
				COPY_PHASE_STRIP = YES;
				GCC_C_LANGUAGE_STANDARD = gnu99;
				GCC_WARN_ABOUT_RETURN_TYPE = YES;
				GCC_WARN_UNINITIALIZED_AUTOS = YES;
				GCC_WARN_UNUSED_VARIABLE = YES;
				IPHONEOS_DEPLOYMENT_TARGET = 6.1;
				OTHER_CFLAGS = "-DNS_BLOCK_ASSERTIONS=1";
				SDKROOT = iphoneos;
				TARGETED_DEVICE_FAMILY = "1,2";
				VALIDATE_PRODUCT = YES;
			};
			name = Release;
		};
		B8D3040017977233001CE404 /* Debug */ = {
			isa = XCBuildConfiguration;
			buildSettings = {
				GCC_PRECOMPILE_PREFIX_HEADER = YES;
				GCC_PREFIX_HEADER = "AOC2Project2/AOC2Project2-Prefix.pch";
				INFOPLIST_FILE = "AOC2Project2/AOC2Project2-Info.plist";
				PRODUCT_NAME = "$(TARGET_NAME)";
				WRAPPER_EXTENSION = app;
			};
			name = Debug;
		};
		B8D3040117977233001CE404 /* Release */ = {
			isa = XCBuildConfiguration;
			buildSettings = {
				GCC_PRECOMPILE_PREFIX_HEADER = YES;
				GCC_PREFIX_HEADER = "AOC2Project2/AOC2Project2-Prefix.pch";
				INFOPLIST_FILE = "AOC2Project2/AOC2Project2-Info.plist";
				PRODUCT_NAME = "$(TARGET_NAME)";
				WRAPPER_EXTENSION = app;
			};
			name = Release;
		};
/* End XCBuildConfiguration section */

/* Begin XCConfigurationList section */
		B8D303D417977233001CE404 /* Build configuration list for PBXProject "AOC2Project2" */ = {
			isa = XCConfigurationList;
			buildConfigurations = (
				B8D303FD17977233001CE404 /* Debug */,
				B8D303FE17977233001CE404 /* Release */,
			);
			defaultConfigurationIsVisible = 0;
			defaultConfigurationName = Release;
		};
		B8D303FF17977233001CE404 /* Build configuration list for PBXNativeTarget "AOC2Project2" */ = {
			isa = XCConfigurationList;
			buildConfigurations = (
				B8D3040017977233001CE404 /* Debug */,
				B8D3040117977233001CE404 /* Release */,
			);
			defaultConfigurationIsVisible = 0;
			defaultConfigurationName = Release;
		};
/* End XCConfigurationList section */
	};
	rootObject = B8D303D117977233001CE404 /* Project object */;
}
